
Microsoft Visual Studio Solution File, Format Version 12.00
# Visual Studio 2015
Project("{FAE04EC0-301F-11D3-BF4B-00C04F79EFBC}") = "Gravitation model.CSharp", "Gravitation model.CSharp.csproj", "{EE84B1BA-9CBF-AE44-2B37-BAC690BCF92E}"
EndProject
Global
	GlobalSection(SolutionConfigurationPlatforms) = preSolution
		Debug|Any CPU = Debug|Any CPU
		Release|Any CPU = Release|Any CPU
	EndGlobalSection
	GlobalSection(ProjectConfigurationPlatforms) = postSolution
		{EE84B1BA-9CBF-AE44-2B37-BAC690BCF92E}.Debug|Any CPU.ActiveCfg = Debug|Any CPU
		{EE84B1BA-9CBF-AE44-2B37-BAC690BCF92E}.Debug|Any CPU.Build.0 = Debug|Any CPU
		{EE84B1BA-9CBF-AE44-2B37-BAC690BCF92E}.Release|Any CPU.ActiveCfg = Release|Any CPU
		{EE84B1BA-9CBF-AE44-2B37-BAC690BCF92E}.Release|Any CPU.Build.0 = Release|Any CPU
	EndGlobalSection
	GlobalSection(SolutionProperties) = preSolution
		HideSolutionNode = FALSE
	EndGlobalSection
EndGlobal
